
Microsoft Visual Studio Solution File, Format Version 11.00
# Visual C# Express 2010
Project("{FAE04EC0-301F-11D3-BF4B-00C04F79EFBC}") = "log4net.Json.Test.UI.1.2.13.vs2010.net.3.5", "log4net.Json.Test.UI.1.2.13.vs2010.net.3.5.csproj", "{3702EF7D-599B-4CAF-84E7-8688C436F73C}"
EndProject
Project("{FAE04EC0-301F-11D3-BF4B-00C04F79EFBC}") = "log4net.Ext.Json.1.3.trunk.vs2010.net.4.0", "..\log4net.Ext.Json\log4net.Ext.Json.1.3.trunk.vs2010.net.4.0.csproj", "{06A52FA9-985D-455A-A7EE-EF6179B26919}"
EndProject
Project("{FAE04EC0-301F-11D3-BF4B-00C04F79EFBC}") = "log4net.vs2010", "..\..\..\src\log4net\log4net.vs2010.csproj", "{181FE707-E161-4722-9F38-6AAAB6FAA106}"
EndProject
Global
	GlobalSection(SolutionConfigurationPlatforms) = preSolution
		Debug|Any CPU = Debug|Any CPU
		Release|Any CPU = Release|Any CPU
	EndGlobalSection
	GlobalSection(ProjectConfigurationPlatforms) = postSolution
		{3702EF7D-599B-4CAF-84E7-8688C436F73C}.Debug|Any CPU.ActiveCfg = Debug|Any CPU
		{3702EF7D-599B-4CAF-84E7-8688C436F73C}.Debug|Any CPU.Build.0 = Debug|Any CPU
		{3702EF7D-599B-4CAF-84E7-8688C436F73C}.Release|Any CPU.ActiveCfg = Release|Any CPU
		{3702EF7D-599B-4CAF-84E7-8688C436F73C}.Release|Any CPU.Build.0 = Release|Any CPU
		{06A52FA9-985D-455A-A7EE-EF6179B26919}.Debug|Any CPU.ActiveCfg = Debug|Any CPU
		{06A52FA9-985D-455A-A7EE-EF6179B26919}.Debug|Any CPU.Build.0 = Debug|Any CPU
		{06A52FA9-985D-455A-A7EE-EF6179B26919}.Release|Any CPU.ActiveCfg = Release|Any CPU
		{06A52FA9-985D-455A-A7EE-EF6179B26919}.Release|Any CPU.Build.0 = Release|Any CPU
		{181FE707-E161-4722-9F38-6AAAB6FAA106}.Debug|Any CPU.ActiveCfg = Debug|Any CPU
		{181FE707-E161-4722-9F38-6AAAB6FAA106}.Debug|Any CPU.Build.0 = Debug|Any CPU
		{181FE707-E161-4722-9F38-6AAAB6FAA106}.Release|Any CPU.ActiveCfg = Release|Any CPU
		{181FE707-E161-4722-9F38-6AAAB6FAA106}.Release|Any CPU.Build.0 = Release|Any CPU
	EndGlobalSection
	GlobalSection(SolutionProperties) = preSolution
		HideSolutionNode = FALSE
	EndGlobalSection
EndGlobal
